# THIS IS AN AUTOGENERATED FILE. DO NOT EDIT THIS FILE DIRECTLY.
# yarn lockfile v1


binary-search-bounds@^1.0.0:
  version "1.0.0"
  resolved "https://registry.yarnpkg.com/binary-search-bounds/-/binary-search-bounds-1.0.0.tgz#323ca317e3f2a40f4244c7255f5384a5b207bb69"
  integrity sha1-MjyjF+PypA9CRMclX1OEpbIHu2k=

domready@^1.0.5:
  version "1.0.8"
  resolved "https://registry.yarnpkg.com/domready/-/domready-1.0.8.tgz#91f252e597b65af77e745ae24dd0185d5e26d58c"
  integrity sha1-kfJS5Ze2Wvd+dFriTdAYXV4m1Yw=

game-shell@^1.0.0:
  version "1.3.2"
  resolved "https://registry.yarnpkg.com/game-shell/-/game-shell-1.3.2.tgz#62bb99fa97d521b4e1c59d88750019be0aa6a822"
  integrity sha1-YruZ+pfVIbThxZ2IdQAZvgqmqCI=
  dependencies:
    binary-search-bounds "^1.0.0"
    domready "^1.0.5"
    invert-hash "~0.0.0"
    iota-array "^1.0.0"
    uniq "^1.0.0"
    vkey "~0.0.2"

gl-now@~1.0.0:
  version "1.0.2"
  resolved "https://registry.yarnpkg.com/gl-now/-/gl-now-1.0.2.tgz#de3db82fc88e0f3f455a0761d26af5945f1f2193"
  integrity sha1-3j24L8iODz9FWgdh0mr1lF8fIZM=
  dependencies:
    game-shell "^1.0.0"
    webglew "^1.0.0"

invert-hash@~0.0.0:
  version "0.0.0"
  resolved "https://registry.yarnpkg.com/invert-hash/-/invert-hash-0.0.0.tgz#754159aa8bf9fe08be1f1dca141787b7ab64fa77"
  integrity sha1-dUFZqov5/gi+Hx3KFBeHt6tk+nc=

iota-array@^1.0.0:
  version "1.0.0"
  resolved "https://registry.yarnpkg.com/iota-array/-/iota-array-1.0.0.tgz#81ef57fe5d05814cd58c2483632a99c30a0e8087"
  integrity sha1-ge9X/l0FgUzVjCSDYyqZwwoOgIc=

uniq@^1.0.0:
  version "1.0.1"
  resolved "https://registry.yarnpkg.com/uniq/-/uniq-1.0.1.tgz#b31c5ae8254844a3a8281541ce2b04b865a734ff"
  integrity sha1-sxxa6CVIRKOoKBVBzisEuGWnNP8=

vkey@~0.0.2:
  version "0.0.3"
  resolved "https://registry.yarnpkg.com/vkey/-/vkey-0.0.3.tgz#634dd7952eb2c11531bf1859f0e6d419478033df"
  integrity sha1-Y03XlS6ywRUxvxhZ8ObUGUeAM98=

weak-map@^1.0.5:
  version "1.0.5"
  resolved "https://registry.yarnpkg.com/weak-map/-/weak-map-1.0.5.tgz#79691584d98607f5070bd3b70a40e6bb22e401eb"
  integrity sha1-eWkVhNmGB/UHC9O3CkDmuyLkAes=

webglew@^1.0.0:
  version "1.0.5"
  resolved "https://registry.yarnpkg.com/webglew/-/webglew-1.0.5.tgz#26ffeef7973214bb31b9c20c59b0318d16c6bdb3"
  integrity sha1-Jv/u95cyFLsxucIMWbAxjRbGvbM=
  dependencies:
    weak-map "^1.0.5"
